// !$*UTF8*$!
{
	archiveVersion = 1;
	classes = {
	};
	objectVersion = 46;
	objects = {

/* Begin PBXBuildFile section */
		EED98BB21DE059E00070F016 /* AppDelegate.m in Sources */ = {isa = PBXBuildFile; fileRef = EED98BB11DE059E00070F016 /* AppDelegate.m */; };
		EED98BB51DE059E00070F016 /* main.m in Sources */ = {isa = PBXBuildFile; fileRef = EED98BB41DE059E00070F016 /* main.m */; };
		EED98BB81DE059E00070F016 /* Document.m in Sources */ = {isa = PBXBuildFile; fileRef = EED98BB71DE059E00070F016 /* Document.m */; };
		EED98BBB1DE059E00070F016 /* Document.xib in Resources */ = {isa = PBXBuildFile; fileRef = EED98BB91DE059E00070F016 /* Document.xib */; };
		EED98BBD1DE059E00070F016 /* Assets.xcassets in Resources */ = {isa = PBXBuildFile; fileRef = EED98BBC1DE059E00070F016 /* Assets.xcassets */; };
		EED98BC01DE059E10070F016 /* MainMenu.xib in Resources */ = {isa = PBXBuildFile; fileRef = EED98BBE1DE059E10070F016 /* MainMenu.xib */; };
		EED98BCC1DE061AA0070F016 /* Person.m in Sources */ = {isa = PBXBuildFile; fileRef = EED98BCB1DE061AA0070F016 /* Person.m */; };
		EED98BCE1DE06C480070F016 /* Preference.xib in Resources */ = {isa = PBXBuildFile; fileRef = EED98BCD1DE06C480070F016 /* Preference.xib */; };
		EED98BD11DE06C750070F016 /* PreferenceController.m in Sources */ = {isa = PBXBuildFile; fileRef = EED98BD01DE06C750070F016 /* PreferenceController.m */; };
		EED98BD41DE06CC90070F016 /* AppController.m in Sources */ = {isa = PBXBuildFile; fileRef = EED98BD31DE06CC90070F016 /* AppController.m */; };
/* End PBXBuildFile section */

/* Begin PBXFileReference section */
		EED98BAD1DE059E00070F016 /* RaiseMan.app */ = {isa = PBXFileReference; explicitFileType = wrapper.application; includeInIndex = 0; path = RaiseMan.app; sourceTree = BUILT_PRODUCTS_DIR; };
		EED98BB01DE059E00070F016 /* AppDelegate.h */ = {isa = PBXFileReference; lastKnownFileType = sourcecode.c.h; path = AppDelegate.h; sourceTree = "<group>"; };
		EED98BB11DE059E00070F016 /* AppDelegate.m */ = {isa = PBXFileReference; lastKnownFileType = sourcecode.c.objc; path = AppDelegate.m; sourceTree = "<group>"; };
		EED98BB41DE059E00070F016 /* main.m */ = {isa = PBXFileReference; lastKnownFileType = sourcecode.c.objc; path = main.m; sourceTree = "<group>"; };
		EED98BB61DE059E00070F016 /* Document.h */ = {isa = PBXFileReference; lastKnownFileType = sourcecode.c.h; path = Document.h; sourceTree = "<group>"; };
		EED98BB71DE059E00070F016 /* Document.m */ = {isa = PBXFileReference; lastKnownFileType = sourcecode.c.objc; path = Document.m; sourceTree = "<group>"; };
		EED98BBA1DE059E00070F016 /* Base */ = {isa = PBXFileReference; lastKnownFileType = file.xib; name = Base; path = Base.lproj/Document.xib; sourceTree = "<group>"; };
		EED98BBC1DE059E00070F016 /* Assets.xcassets */ = {isa = PBXFileReference; lastKnownFileType = folder.assetcatalog; path = Assets.xcassets; sourceTree = "<group>"; };
		EED98BBF1DE059E10070F016 /* Base */ = {isa = PBXFileReference; lastKnownFileType = file.xib; name = Base; path = Base.lproj/MainMenu.xib; sourceTree = "<group>"; };
		EED98BC11DE059E10070F016 /* Info.plist */ = {isa = PBXFileReference; lastKnownFileType = text.plist.xml; path = Info.plist; sourceTree = "<group>"; };
		EED98BCA1DE061AA0070F016 /* Person.h */ = {isa = PBXFileReference; fileEncoding = 4; lastKnownFileType = sourcecode.c.h; path = Person.h; sourceTree = "<group>"; };
		EED98BCB1DE061AA0070F016 /* Person.m */ = {isa = PBXFileReference; fileEncoding = 4; lastKnownFileType = sourcecode.c.objc; path = Person.m; sourceTree = "<group>"; };
		EED98BCD1DE06C480070F016 /* Preference.xib */ = {isa = PBXFileReference; fileEncoding = 4; lastKnownFileType = file.xib; path = Preference.xib; sourceTree = "<group>"; };
		EED98BCF1DE06C750070F016 /* PreferenceController.h */ = {isa = PBXFileReference; fileEncoding = 4; lastKnownFileType = sourcecode.c.h; path = PreferenceController.h; sourceTree = "<group>"; };
		EED98BD01DE06C750070F016 /* PreferenceController.m */ = {isa = PBXFileReference; fileEncoding = 4; lastKnownFileType = sourcecode.c.objc; path = PreferenceController.m; sourceTree = "<group>"; };
		EED98BD21DE06CC90070F016 /* AppController.h */ = {isa = PBXFileReference; fileEncoding = 4; lastKnownFileType = sourcecode.c.h; path = AppController.h; sourceTree = "<group>"; };
		EED98BD31DE06CC90070F016 /* AppController.m */ = {isa = PBXFileReference; fileEncoding = 4; lastKnownFileType = sourcecode.c.objc; path = AppController.m; sourceTree = "<group>"; };
/* End PBXFileReference section */

/* Begin PBXFrameworksBuildPhase section */
		EED98BAA1DE059E00070F016 /* Frameworks */ = {
			isa = PBXFrameworksBuildPhase;
			buildActionMask = 2147483647;
			files = (
			);
			runOnlyForDeploymentPostprocessing = 0;
		};
/* End PBXFrameworksBuildPhase section */

/* Begin PBXGroup section */
		EED98BA41DE059E00070F016 = {
			isa = PBXGroup;
			children = (
				EED98BAF1DE059E00070F016 /* RaiseMan */,
				EED98BAE1DE059E00070F016 /* Products */,
			);
			sourceTree = "<group>";
		};
		EED98BAE1DE059E00070F016 /* Products */ = {
			isa = PBXGroup;
			children = (
				EED98BAD1DE059E00070F016 /* RaiseMan.app */,
			);
			name = Products;
			sourceTree = "<group>";
		};
		EED98BAF1DE059E00070F016 /* RaiseMan */ = {
			isa = PBXGroup;
			children = (
				EED98BB01DE059E00070F016 /* AppDelegate.h */,
				EED98BB11DE059E00070F016 /* AppDelegate.m */,
				EED98BCA1DE061AA0070F016 /* Person.h */,
				EED98BCB1DE061AA0070F016 /* Person.m */,
				EED98BB61DE059E00070F016 /* Document.h */,
				EED98BB71DE059E00070F016 /* Document.m */,
				EED98BCD1DE06C480070F016 /* Preference.xib */,
				EED98BD21DE06CC90070F016 /* AppController.h */,
				EED98BD31DE06CC90070F016 /* AppController.m */,
				EED98BCF1DE06C750070F016 /* PreferenceController.h */,
				EED98BD01DE06C750070F016 /* PreferenceController.m */,
				EED98BB91DE059E00070F016 /* Document.xib */,
				EED98BBC1DE059E00070F016 /* Assets.xcassets */,
				EED98BBE1DE059E10070F016 /* MainMenu.xib */,
				EED98BC11DE059E10070F016 /* Info.plist */,
				EED98BB31DE059E00070F016 /* Supporting Files */,
			);
			path = RaiseMan;
			sourceTree = "<group>";
		};
		EED98BB31DE059E00070F016 /* Supporting Files */ = {
			isa = PBXGroup;
			children = (
				EED98BB41DE059E00070F016 /* main.m */,
			);
			name = "Supporting Files";
			sourceTree = "<group>";
		};
/* End PBXGroup section */

/* Begin PBXNativeTarget section */
		EED98BAC1DE059E00070F016 /* RaiseMan */ = {
			isa = PBXNativeTarget;
			buildConfigurationList = EED98BC41DE059E10070F016 /* Build configuration list for PBXNativeTarget "RaiseMan" */;
			buildPhases = (
				EED98BA91DE059E00070F016 /* Sources */,
				EED98BAA1DE059E00070F016 /* Frameworks */,
				EED98BAB1DE059E00070F016 /* Resources */,
			);
			buildRules = (
			);
			dependencies = (
			);
			name = RaiseMan;
			productName = RaiseMan;
			productReference = EED98BAD1DE059E00070F016 /* RaiseMan.app */;
			productType = "com.apple.product-type.application";
		};
/* End PBXNativeTarget section */

/* Begin PBXProject section */
		EED98BA51DE059E00070F016 /* Project object */ = {
			isa = PBXProject;
			attributes = {
				LastUpgradeCheck = 0810;
				ORGANIZATIONNAME = jinren;
				TargetAttributes = {
					EED98BAC1DE059E00070F016 = {
						CreatedOnToolsVersion = 8.1;
						DevelopmentTeam = 49XFPF8C85;
						ProvisioningStyle = Automatic;
					};
				};
			};
			buildConfigurationList = EED98BA81DE059E00070F016 /* Build configuration list for PBXProject "RaiseMan" */;
			compatibilityVersion = "Xcode 3.2";
			developmentRegion = English;
			hasScannedForEncodings = 0;
			knownRegions = (
				en,
				Base,
			);
			mainGroup = EED98BA41DE059E00070F016;
			productRefGroup = EED98BAE1DE059E00070F016 /* Products */;
			projectDirPath = "";
			projectRoot = "";
			targets = (
				EED98BAC1DE059E00070F016 /* RaiseMan */,
			);
		};
/* End PBXProject section */

/* Begin PBXResourcesBuildPhase section */
		EED98BAB1DE059E00070F016 /* Resources */ = {
			isa = PBXResourcesBuildPhase;
			buildActionMask = 2147483647;
			files = (
				EED98BCE1DE06C480070F016 /* Preference.xib in Resources */,
				EED98BBD1DE059E00070F016 /* Assets.xcassets in Resources */,
				EED98BBB1DE059E00070F016 /* Document.xib in Resources */,
				EED98BC01DE059E10070F016 /* MainMenu.xib in Resources */,
			);
			runOnlyForDeploymentPostprocessing = 0;
		};
/* End PBXResourcesBuildPhase section */

/* Begin PBXSourcesBuildPhase section */
		EED98BA91DE059E00070F016 /* Sources */ = {
			isa = PBXSourcesBuildPhase;
			buildActionMask = 2147483647;
			files = (
				EED98BB81DE059E00070F016 /* Document.m in Sources */,
				EED98BD41DE06CC90070F016 /* AppController.m in Sources */,
				EED98BB51DE059E00070F016 /* main.m in Sources */,
				EED98BD11DE06C750070F016 /* PreferenceController.m in Sources */,
				EED98BCC1DE061AA0070F016 /* Person.m in Sources */,
				EED98BB21DE059E00070F016 /* AppDelegate.m in Sources */,
			);
			runOnlyForDeploymentPostprocessing = 0;
		};
/* End PBXSourcesBuildPhase section */

/* Begin PBXVariantGroup section */
		EED98BB91DE059E00070F016 /* Document.xib */ = {
			isa = PBXVariantGroup;
			children = (
				EED98BBA1DE059E00070F016 /* Base */,
			);
			name = Document.xib;
			sourceTree = "<group>";
		};
		EED98BBE1DE059E10070F016 /* MainMenu.xib */ = {
			isa = PBXVariantGroup;
			children = (
				EED98BBF1DE059E10070F016 /* Base */,
			);
			name = MainMenu.xib;
			sourceTree = "<group>";
		};
/* End PBXVariantGroup section */

/* Begin XCBuildConfiguration section */
		EED98BC21DE059E10070F016 /* Debug */ = {
			isa = XCBuildConfiguration;
			buildSettings = {
				ALWAYS_SEARCH_USER_PATHS = NO;
				CLANG_ANALYZER_NONNULL = YES;
				CLANG_CXX_LANGUAGE_STANDARD = "gnu++0x";
				CLANG_CXX_LIBRARY = "libc++";
				CLANG_ENABLE_MODULES = YES;
				CLANG_ENABLE_OBJC_ARC = YES;
				CLANG_WARN_BOOL_CONVERSION = YES;
				CLANG_WARN_CONSTANT_CONVERSION = YES;
				CLANG_WARN_DIRECT_OBJC_ISA_USAGE = YES_ERROR;
				CLANG_WARN_DOCUMENTATION_COMMENTS = YES;
				CLANG_WARN_EMPTY_BODY = YES;
				CLANG_WARN_ENUM_CONVERSION = YES;
				CLANG_WARN_INFINITE_RECURSION = YES;
				CLANG_WARN_INT_CONVERSION = YES;
				CLANG_WARN_OBJC_ROOT_CLASS = YES_ERROR;
				CLANG_WARN_SUSPICIOUS_MOVES = YES;
				CLANG_WARN_UNREACHABLE_CODE = YES;
				CLANG_WARN__DUPLICATE_METHOD_MATCH = YES;
				CODE_SIGN_IDENTITY = "-";
				COPY_PHASE_STRIP = NO;
				DEBUG_INFORMATION_FORMAT = dwarf;
				ENABLE_STRICT_OBJC_MSGSEND = YES;
				ENABLE_TESTABILITY = YES;
				GCC_C_LANGUAGE_STANDARD = gnu99;
				GCC_DYNAMIC_NO_PIC = NO;
				GCC_NO_COMMON_BLOCKS = YES;
				GCC_OPTIMIZATION_LEVEL = 0;
				GCC_PREPROCESSOR_DEFINITIONS = (
					"DEBUG=1",
					"$(inherited)",
				);
				GCC_WARN_64_TO_32_BIT_CONVERSION = YES;
				GCC_WARN_ABOUT_RETURN_TYPE = YES_ERROR;
				GCC_WARN_UNDECLARED_SELECTOR = YES;
				GCC_WARN_UNINITIALIZED_AUTOS = YES_AGGRESSIVE;
				GCC_WARN_UNUSED_FUNCTION = YES;
				GCC_WARN_UNUSED_VARIABLE = YES;
				MACOSX_DEPLOYMENT_TARGET = 10.12;
				MTL_ENABLE_DEBUG_INFO = YES;
				ONLY_ACTIVE_ARCH = YES;
				SDKROOT = macosx;
			};
			name = Debug;
		};
		EED98BC31DE059E10070F016 /* Release */ = {
			isa = XCBuildConfiguration;
			buildSettings = {
				ALWAYS_SEARCH_USER_PATHS = NO;
				CLANG_ANALYZER_NONNULL = YES;
				CLANG_CXX_LANGUAGE_STANDARD = "gnu++0x";
				CLANG_CXX_LIBRARY = "libc++";
				CLANG_ENABLE_MODULES = YES;
				CLANG_ENABLE_OBJC_ARC = YES;
				CLANG_WARN_BOOL_CONVERSION = YES;
				CLANG_WARN_CONSTANT_CONVERSION = YES;
				CLANG_WARN_DIRECT_OBJC_ISA_USAGE = YES_ERROR;
				CLANG_WARN_DOCUMENTATION_COMMENTS = YES;
				CLANG_WARN_EMPTY_BODY = YES;
				CLANG_WARN_ENUM_CONVERSION = YES;
				CLANG_WARN_INFINITE_RECURSION = YES;
				CLANG_WARN_INT_CONVERSION = YES;
				CLANG_WARN_OBJC_ROOT_CLASS = YES_ERROR;
				CLANG_WARN_SUSPICIOUS_MOVES = YES;
				CLANG_WARN_UNREACHABLE_CODE = YES;
				CLANG_WARN__DUPLICATE_METHOD_MATCH = YES;
				CODE_SIGN_IDENTITY = "-";
				COPY_PHASE_STRIP = NO;
				DEBUG_INFORMATION_FORMAT = "dwarf-with-dsym";
				ENABLE_NS_ASSERTIONS = NO;
				ENABLE_STRICT_OBJC_MSGSEND = YES;
				GCC_C_LANGUAGE_STANDARD = gnu99;
				GCC_NO_COMMON_BLOCKS = YES;
				GCC_WARN_64_TO_32_BIT_CONVERSION = YES;
				GCC_WARN_ABOUT_RETURN_TYPE = YES_ERROR;
				GCC_WARN_UNDECLARED_SELECTOR = YES;
				GCC_WARN_UNINITIALIZED_AUTOS = YES_AGGRESSIVE;
				GCC_WARN_UNUSED_FUNCTION = YES;
				GCC_WARN_UNUSED_VARIABLE = YES;
				MACOSX_DEPLOYMENT_TARGET = 10.12;
				MTL_ENABLE_DEBUG_INFO = NO;
				SDKROOT = macosx;
			};
			name = Release;
		};
		EED98BC51DE059E10070F016 /* Debug */ = {
			isa = XCBuildConfiguration;
			buildSettings = {
				ASSETCATALOG_COMPILER_APPICON_NAME = AppIcon;
				COMBINE_HIDPI_IMAGES = YES;
				DEVELOPMENT_TEAM = 49XFPF8C85;
				INFOPLIST_FILE = RaiseMan/Info.plist;
				LD_RUNPATH_SEARCH_PATHS = "$(inherited) @executable_path/../Frameworks";
				PRODUCT_BUNDLE_IDENTIFIER = com.cisco.RaiseMan;
				PRODUCT_NAME = "$(TARGET_NAME)";
			};
			name = Debug;
		};
		EED98BC61DE059E10070F016 /* Release */ = {
			isa = XCBuildConfiguration;
			buildSettings = {
				ASSETCATALOG_COMPILER_APPICON_NAME = AppIcon;
				COMBINE_HIDPI_IMAGES = YES;
				DEVELOPMENT_TEAM = 49XFPF8C85;
				INFOPLIST_FILE = RaiseMan/Info.plist;
				LD_RUNPATH_SEARCH_PATHS = "$(inherited) @executable_path/../Frameworks";
				PRODUCT_BUNDLE_IDENTIFIER = com.cisco.RaiseMan;
				PRODUCT_NAME = "$(TARGET_NAME)";
			};
			name = Release;
		};
/* End XCBuildConfiguration section */

/* Begin XCConfigurationList section */
		EED98BA81DE059E00070F016 /* Build configuration list for PBXProject "RaiseMan" */ = {
			isa = XCConfigurationList;
			buildConfigurations = (
				EED98BC21DE059E10070F016 /* Debug */,
				EED98BC31DE059E10070F016 /* Release */,
			);
			defaultConfigurationIsVisible = 0;
			defaultConfigurationName = Release;
		};
		EED98BC41DE059E10070F016 /* Build configuration list for PBXNativeTarget "RaiseMan" */ = {
			isa = XCConfigurationList;
			buildConfigurations = (
				EED98BC51DE059E10070F016 /* Debug */,
				EED98BC61DE059E10070F016 /* Release */,
			);
			defaultConfigurationIsVisible = 0;
		};
/* End XCConfigurationList section */
	};
	rootObject = EED98BA51DE059E00070F016 /* Project object */;
}
